
Microsoft Visual Studio Solution File, Format Version 12.00
# Visual Studio Version 17
VisualStudioVersion = 17.10.35122.118
MinimumVisualStudioVersion = 10.0.40219.1
Project("{FAE04EC0-301F-11D3-BF4B-00C04F79EFBC}") = "GestaoLojaConsole", "GestaoLojaConsole\GestaoLojaConsole.csproj", "{9A49C984-BDFC-43E9-96E1-8D1654CC374E}"
EndProject
Global
	GlobalSection(SolutionConfigurationPlatforms) = preSolution
		Debug|Any CPU = Debug|Any CPU
		Release|Any CPU = Release|Any CPU
	EndGlobalSection
	GlobalSection(ProjectConfigurationPlatforms) = postSolution
		{9A49C984-BDFC-43E9-96E1-8D1654CC374E}.Debug|Any CPU.ActiveCfg = Debug|Any CPU
		{9A49C984-BDFC-43E9-96E1-8D1654CC374E}.Debug|Any CPU.Build.0 = Debug|Any CPU
		{9A49C984-BDFC-43E9-96E1-8D1654CC374E}.Release|Any CPU.ActiveCfg = Release|Any CPU
		{9A49C984-BDFC-43E9-96E1-8D1654CC374E}.Release|Any CPU.Build.0 = Release|Any CPU
	EndGlobalSection
	GlobalSection(SolutionProperties) = preSolution
		HideSolutionNode = FALSE
	EndGlobalSection
	GlobalSection(ExtensibilityGlobals) = postSolution
		SolutionGuid = {00CCB1B5-0E9F-480B-A209-35702BE71247}
	EndGlobalSection
EndGlobal
